// !$*UTF8*$!
{
	archiveVersion = 1;
	classes = {
	};
	objectVersion = 50;
	objects = {

/* Begin PBXBuildFile section */
		446119CF270D414000C31F3C /* AppDelegate.swift in Sources */ = {isa = PBXBuildFile; fileRef = 446119CE270D414000C31F3C /* AppDelegate.swift */; };
		446119D1270D414000C31F3C /* SceneDelegate.swift in Sources */ = {isa = PBXBuildFile; fileRef = 446119D0270D414000C31F3C /* SceneDelegate.swift */; };
		446119D3270D414000C31F3C /* ViewController.swift in Sources */ = {isa = PBXBuildFile; fileRef = 446119D2270D414000C31F3C /* ViewController.swift */; };
		446119D6270D414000C31F3C /* Main.storyboard in Resources */ = {isa = PBXBuildFile; fileRef = 446119D4270D414000C31F3C /* Main.storyboard */; };
		446119D8270D414400C31F3C /* Assets.xcassets in Resources */ = {isa = PBXBuildFile; fileRef = 446119D7270D414400C31F3C /* Assets.xcassets */; };
		446119DB270D414400C31F3C /* LaunchScreen.storyboard in Resources */ = {isa = PBXBuildFile; fileRef = 446119D9270D414400C31F3C /* LaunchScreen.storyboard */; };
		446119E6270D414400C31F3C /* SampleCollectionViewTests.swift in Sources */ = {isa = PBXBuildFile; fileRef = 446119E5270D414400C31F3C /* SampleCollectionViewTests.swift */; };
		446119F1270D414400C31F3C /* SampleCollectionViewUITests.swift in Sources */ = {isa = PBXBuildFile; fileRef = 446119F0270D414400C31F3C /* SampleCollectionViewUITests.swift */; };
/* End PBXBuildFile section */

/* Begin PBXContainerItemProxy section */
		446119E2270D414400C31F3C /* PBXContainerItemProxy */ = {
			isa = PBXContainerItemProxy;
			containerPortal = 446119C3270D414000C31F3C /* Project object */;
			proxyType = 1;
			remoteGlobalIDString = 446119CA270D414000C31F3C;
			remoteInfo = SampleCollectionView;
		};
		446119ED270D414400C31F3C /* PBXContainerItemProxy */ = {
			isa = PBXContainerItemProxy;
			containerPortal = 446119C3270D414000C31F3C /* Project object */;
			proxyType = 1;
			remoteGlobalIDString = 446119CA270D414000C31F3C;
			remoteInfo = SampleCollectionView;
		};
/* End PBXContainerItemProxy section */

/* Begin PBXFileReference section */
		446119CB270D414000C31F3C /* SampleCollectionView.app */ = {isa = PBXFileReference; explicitFileType = wrapper.application; includeInIndex = 0; path = SampleCollectionView.app; sourceTree = BUILT_PRODUCTS_DIR; };
		446119CE270D414000C31F3C /* AppDelegate.swift */ = {isa = PBXFileReference; lastKnownFileType = sourcecode.swift; path = AppDelegate.swift; sourceTree = "<group>"; };
		446119D0270D414000C31F3C /* SceneDelegate.swift */ = {isa = PBXFileReference; lastKnownFileType = sourcecode.swift; path = SceneDelegate.swift; sourceTree = "<group>"; };
		446119D2270D414000C31F3C /* ViewController.swift */ = {isa = PBXFileReference; lastKnownFileType = sourcecode.swift; path = ViewController.swift; sourceTree = "<group>"; };
		446119D5270D414000C31F3C /* Base */ = {isa = PBXFileReference; lastKnownFileType = file.storyboard; name = Base; path = Base.lproj/Main.storyboard; sourceTree = "<group>"; };
		446119D7270D414400C31F3C /* Assets.xcassets */ = {isa = PBXFileReference; lastKnownFileType = folder.assetcatalog; path = Assets.xcassets; sourceTree = "<group>"; };
		446119DA270D414400C31F3C /* Base */ = {isa = PBXFileReference; lastKnownFileType = file.storyboard; name = Base; path = Base.lproj/LaunchScreen.storyboard; sourceTree = "<group>"; };
		446119DC270D414400C31F3C /* Info.plist */ = {isa = PBXFileReference; lastKnownFileType = text.plist.xml; path = Info.plist; sourceTree = "<group>"; };
		446119E1270D414400C31F3C /* SampleCollectionViewTests.xctest */ = {isa = PBXFileReference; explicitFileType = wrapper.cfbundle; includeInIndex = 0; path = SampleCollectionViewTests.xctest; sourceTree = BUILT_PRODUCTS_DIR; };
		446119E5270D414400C31F3C /* SampleCollectionViewTests.swift */ = {isa = PBXFileReference; lastKnownFileType = sourcecode.swift; path = SampleCollectionViewTests.swift; sourceTree = "<group>"; };
		446119E7270D414400C31F3C /* Info.plist */ = {isa = PBXFileReference; lastKnownFileType = text.plist.xml; path = Info.plist; sourceTree = "<group>"; };
		446119EC270D414400C31F3C /* SampleCollectionViewUITests.xctest */ = {isa = PBXFileReference; explicitFileType = wrapper.cfbundle; includeInIndex = 0; path = SampleCollectionViewUITests.xctest; sourceTree = BUILT_PRODUCTS_DIR; };
		446119F0270D414400C31F3C /* SampleCollectionViewUITests.swift */ = {isa = PBXFileReference; lastKnownFileType = sourcecode.swift; path = SampleCollectionViewUITests.swift; sourceTree = "<group>"; };
		446119F2270D414400C31F3C /* Info.plist */ = {isa = PBXFileReference; lastKnownFileType = text.plist.xml; path = Info.plist; sourceTree = "<group>"; };
/* End PBXFileReference section */

/* Begin PBXFrameworksBuildPhase section */
		446119C8270D414000C31F3C /* Frameworks */ = {
			isa = PBXFrameworksBuildPhase;
			buildActionMask = 2147483647;
			files = (
			);
			runOnlyForDeploymentPostprocessing = 0;
		};
		446119DE270D414400C31F3C /* Frameworks */ = {
			isa = PBXFrameworksBuildPhase;
			buildActionMask = 2147483647;
			files = (
			);
			runOnlyForDeploymentPostprocessing = 0;
		};
		446119E9270D414400C31F3C /* Frameworks */ = {
			isa = PBXFrameworksBuildPhase;
			buildActionMask = 2147483647;
			files = (
			);
			runOnlyForDeploymentPostprocessing = 0;
		};
/* End PBXFrameworksBuildPhase section */

/* Begin PBXGroup section */
		446119C2270D414000C31F3C = {
			isa = PBXGroup;
			children = (
				446119CD270D414000C31F3C /* SampleCollectionView */,
				446119E4270D414400C31F3C /* SampleCollectionViewTests */,
				446119EF270D414400C31F3C /* SampleCollectionViewUITests */,
				446119CC270D414000C31F3C /* Products */,
			);
			sourceTree = "<group>";
		};
		446119CC270D414000C31F3C /* Products */ = {
			isa = PBXGroup;
			children = (
				446119CB270D414000C31F3C /* SampleCollectionView.app */,
				446119E1270D414400C31F3C /* SampleCollectionViewTests.xctest */,
				446119EC270D414400C31F3C /* SampleCollectionViewUITests.xctest */,
			);
			name = Products;
			sourceTree = "<group>";
		};
		446119CD270D414000C31F3C /* SampleCollectionView */ = {
			isa = PBXGroup;
			children = (
				446119CE270D414000C31F3C /* AppDelegate.swift */,
				446119D0270D414000C31F3C /* SceneDelegate.swift */,
				446119D2270D414000C31F3C /* ViewController.swift */,
				446119D4270D414000C31F3C /* Main.storyboard */,
				446119D7270D414400C31F3C /* Assets.xcassets */,
				446119D9270D414400C31F3C /* LaunchScreen.storyboard */,
				446119DC270D414400C31F3C /* Info.plist */,
			);
			path = SampleCollectionView;
			sourceTree = "<group>";
		};
		446119E4270D414400C31F3C /* SampleCollectionViewTests */ = {
			isa = PBXGroup;
			children = (
				446119E5270D414400C31F3C /* SampleCollectionViewTests.swift */,
				446119E7270D414400C31F3C /* Info.plist */,
			);
			path = SampleCollectionViewTests;
			sourceTree = "<group>";
		};
		446119EF270D414400C31F3C /* SampleCollectionViewUITests */ = {
			isa = PBXGroup;
			children = (
				446119F0270D414400C31F3C /* SampleCollectionViewUITests.swift */,
				446119F2270D414400C31F3C /* Info.plist */,
			);
			path = SampleCollectionViewUITests;
			sourceTree = "<group>";
		};
/* End PBXGroup section */

/* Begin PBXNativeTarget section */
		446119CA270D414000C31F3C /* SampleCollectionView */ = {
			isa = PBXNativeTarget;
			buildConfigurationList = 446119F5270D414400C31F3C /* Build configuration list for PBXNativeTarget "SampleCollectionView" */;
			buildPhases = (
				446119C7270D414000C31F3C /* Sources */,
				446119C8270D414000C31F3C /* Frameworks */,
				446119C9270D414000C31F3C /* Resources */,
			);
			buildRules = (
			);
			dependencies = (
			);
			name = SampleCollectionView;
			productName = SampleCollectionView;
			productReference = 446119CB270D414000C31F3C /* SampleCollectionView.app */;
			productType = "com.apple.product-type.application";
		};
		446119E0270D414400C31F3C /* SampleCollectionViewTests */ = {
			isa = PBXNativeTarget;
			buildConfigurationList = 446119F8270D414400C31F3C /* Build configuration list for PBXNativeTarget "SampleCollectionViewTests" */;
			buildPhases = (
				446119DD270D414400C31F3C /* Sources */,
				446119DE270D414400C31F3C /* Frameworks */,
				446119DF270D414400C31F3C /* Resources */,
			);
			buildRules = (
			);
			dependencies = (
				446119E3270D414400C31F3C /* PBXTargetDependency */,
			);
			name = SampleCollectionViewTests;
			productName = SampleCollectionViewTests;
			productReference = 446119E1270D414400C31F3C /* SampleCollectionViewTests.xctest */;
			productType = "com.apple.product-type.bundle.unit-test";
		};
		446119EB270D414400C31F3C /* SampleCollectionViewUITests */ = {
			isa = PBXNativeTarget;
			buildConfigurationList = 446119FB270D414400C31F3C /* Build configuration list for PBXNativeTarget "SampleCollectionViewUITests" */;
			buildPhases = (
				446119E8270D414400C31F3C /* Sources */,
				446119E9270D414400C31F3C /* Frameworks */,
				446119EA270D414400C31F3C /* Resources */,
			);
			buildRules = (
			);
			dependencies = (
				446119EE270D414400C31F3C /* PBXTargetDependency */,
			);
			name = SampleCollectionViewUITests;
			productName = SampleCollectionViewUITests;
			productReference = 446119EC270D414400C31F3C /* SampleCollectionViewUITests.xctest */;
			productType = "com.apple.product-type.bundle.ui-testing";
		};
/* End PBXNativeTarget section */

/* Begin PBXProject section */
		446119C3270D414000C31F3C /* Project object */ = {
			isa = PBXProject;
			attributes = {
				LastSwiftUpdateCheck = 1250;
				LastUpgradeCheck = 1250;
				TargetAttributes = {
					446119CA270D414000C31F3C = {
						CreatedOnToolsVersion = 12.5.1;
					};
					446119E0270D414400C31F3C = {
						CreatedOnToolsVersion = 12.5.1;
						TestTargetID = 446119CA270D414000C31F3C;
					};
					446119EB270D414400C31F3C = {
						CreatedOnToolsVersion = 12.5.1;
						TestTargetID = 446119CA270D414000C31F3C;
					};
				};
			};
			buildConfigurationList = 446119C6270D414000C31F3C /* Build configuration list for PBXProject "SampleCollectionView" */;
			compatibilityVersion = "Xcode 9.3";
			developmentRegion = en;
			hasScannedForEncodings = 0;
			knownRegions = (
				en,
				Base,
			);
			mainGroup = 446119C2270D414000C31F3C;
			productRefGroup = 446119CC270D414000C31F3C /* Products */;
			projectDirPath = "";
			projectRoot = "";
			targets = (
				446119CA270D414000C31F3C /* SampleCollectionView */,
				446119E0270D414400C31F3C /* SampleCollectionViewTests */,
				446119EB270D414400C31F3C /* SampleCollectionViewUITests */,
			);
		};
/* End PBXProject section */

/* Begin PBXResourcesBuildPhase section */
		446119C9270D414000C31F3C /* Resources */ = {
			isa = PBXResourcesBuildPhase;
			buildActionMask = 2147483647;
			files = (
				446119DB270D414400C31F3C /* LaunchScreen.storyboard in Resources */,
				446119D8270D414400C31F3C /* Assets.xcassets in Resources */,
				446119D6270D414000C31F3C /* Main.storyboard in Resources */,
			);
			runOnlyForDeploymentPostprocessing = 0;
		};
		446119DF270D414400C31F3C /* Resources */ = {
			isa = PBXResourcesBuildPhase;
			buildActionMask = 2147483647;
			files = (
			);
			runOnlyForDeploymentPostprocessing = 0;
		};
		446119EA270D414400C31F3C /* Resources */ = {
			isa = PBXResourcesBuildPhase;
			buildActionMask = 2147483647;
			files = (
			);
			runOnlyForDeploymentPostprocessing = 0;
		};
/* End PBXResourcesBuildPhase section */

/* Begin PBXSourcesBuildPhase section */
		446119C7270D414000C31F3C /* Sources */ = {
			isa = PBXSourcesBuildPhase;
			buildActionMask = 2147483647;
			files = (
				446119D3270D414000C31F3C /* ViewController.swift in Sources */,
				446119CF270D414000C31F3C /* AppDelegate.swift in Sources */,
				446119D1270D414000C31F3C /* SceneDelegate.swift in Sources */,
			);
			runOnlyForDeploymentPostprocessing = 0;
		};
		446119DD270D414400C31F3C /* Sources */ = {
			isa = PBXSourcesBuildPhase;
			buildActionMask = 2147483647;
			files = (
				446119E6270D414400C31F3C /* SampleCollectionViewTests.swift in Sources */,
			);
			runOnlyForDeploymentPostprocessing = 0;
		};
		446119E8270D414400C31F3C /* Sources */ = {
			isa = PBXSourcesBuildPhase;
			buildActionMask = 2147483647;
			files = (
				446119F1270D414400C31F3C /* SampleCollectionViewUITests.swift in Sources */,
			);
			runOnlyForDeploymentPostprocessing = 0;
		};
/* End PBXSourcesBuildPhase section */

/* Begin PBXTargetDependency section */
		446119E3270D414400C31F3C /* PBXTargetDependency */ = {
			isa = PBXTargetDependency;
			target = 446119CA270D414000C31F3C /* SampleCollectionView */;
			targetProxy = 446119E2270D414400C31F3C /* PBXContainerItemProxy */;
		};
		446119EE270D414400C31F3C /* PBXTargetDependency */ = {
			isa = PBXTargetDependency;
			target = 446119CA270D414000C31F3C /* SampleCollectionView */;
			targetProxy = 446119ED270D414400C31F3C /* PBXContainerItemProxy */;
		};
/* End PBXTargetDependency section */

/* Begin PBXVariantGroup section */
		446119D4270D414000C31F3C /* Main.storyboard */ = {
			isa = PBXVariantGroup;
			children = (
				446119D5270D414000C31F3C /* Base */,
			);
			name = Main.storyboard;
			sourceTree = "<group>";
		};
		446119D9270D414400C31F3C /* LaunchScreen.storyboard */ = {
			isa = PBXVariantGroup;
			children = (
				446119DA270D414400C31F3C /* Base */,
			);
			name = LaunchScreen.storyboard;
			sourceTree = "<group>";
		};
/* End PBXVariantGroup section */

/* Begin XCBuildConfiguration section */
		446119F3270D414400C31F3C /* Debug */ = {
			isa = XCBuildConfiguration;
			buildSettings = {
				ALWAYS_SEARCH_USER_PATHS = NO;
				CLANG_ANALYZER_NONNULL = YES;
				CLANG_ANALYZER_NUMBER_OBJECT_CONVERSION = YES_AGGRESSIVE;
				CLANG_CXX_LANGUAGE_STANDARD = "gnu++14";
				CLANG_CXX_LIBRARY = "libc++";
				CLANG_ENABLE_MODULES = YES;
				CLANG_ENABLE_OBJC_ARC = YES;
				CLANG_ENABLE_OBJC_WEAK = YES;
				CLANG_WARN_BLOCK_CAPTURE_AUTORELEASING = YES;
				CLANG_WARN_BOOL_CONVERSION = YES;
				CLANG_WARN_COMMA = YES;
				CLANG_WARN_CONSTANT_CONVERSION = YES;
				CLANG_WARN_DEPRECATED_OBJC_IMPLEMENTATIONS = YES;
				CLANG_WARN_DIRECT_OBJC_ISA_USAGE = YES_ERROR;
				CLANG_WARN_DOCUMENTATION_COMMENTS = YES;
				CLANG_WARN_EMPTY_BODY = YES;
				CLANG_WARN_ENUM_CONVERSION = YES;
				CLANG_WARN_INFINITE_RECURSION = YES;
				CLANG_WARN_INT_CONVERSION = YES;
				CLANG_WARN_NON_LITERAL_NULL_CONVERSION = YES;
				CLANG_WARN_OBJC_IMPLICIT_RETAIN_SELF = YES;
				CLANG_WARN_OBJC_LITERAL_CONVERSION = YES;
				CLANG_WARN_OBJC_ROOT_CLASS = YES_ERROR;
				CLANG_WARN_QUOTED_INCLUDE_IN_FRAMEWORK_HEADER = YES;
				CLANG_WARN_RANGE_LOOP_ANALYSIS = YES;
				CLANG_WARN_STRICT_PROTOTYPES = YES;
				CLANG_WARN_SUSPICIOUS_MOVE = YES;
				CLANG_WARN_UNGUARDED_AVAILABILITY = YES_AGGRESSIVE;
				CLANG_WARN_UNREACHABLE_CODE = YES;
				CLANG_WARN__DUPLICATE_METHOD_MATCH = YES;
				COPY_PHASE_STRIP = NO;
				DEBUG_INFORMATION_FORMAT = dwarf;
				ENABLE_STRICT_OBJC_MSGSEND = YES;
				ENABLE_TESTABILITY = YES;
				GCC_C_LANGUAGE_STANDARD = gnu11;
				GCC_DYNAMIC_NO_PIC = NO;
				GCC_NO_COMMON_BLOCKS = YES;
				GCC_OPTIMIZATION_LEVEL = 0;
				GCC_PREPROCESSOR_DEFINITIONS = (
					"DEBUG=1",
					"$(inherited)",
				);
				GCC_WARN_64_TO_32_BIT_CONVERSION = YES;
				GCC_WARN_ABOUT_RETURN_TYPE = YES_ERROR;
				GCC_WARN_UNDECLARED_SELECTOR = YES;
				GCC_WARN_UNINITIALIZED_AUTOS = YES_AGGRESSIVE;
				GCC_WARN_UNUSED_FUNCTION = YES;
				GCC_WARN_UNUSED_VARIABLE = YES;
				IPHONEOS_DEPLOYMENT_TARGET = 14.5;
				MTL_ENABLE_DEBUG_INFO = INCLUDE_SOURCE;
				MTL_FAST_MATH = YES;
				ONLY_ACTIVE_ARCH = YES;
				SDKROOT = iphoneos;
				SWIFT_ACTIVE_COMPILATION_CONDITIONS = DEBUG;
				SWIFT_OPTIMIZATION_LEVEL = "-Onone";
			};
			name = Debug;
		};
		446119F4270D414400C31F3C /* Release */ = {
			isa = XCBuildConfiguration;
			buildSettings = {
				ALWAYS_SEARCH_USER_PATHS = NO;
				CLANG_ANALYZER_NONNULL = YES;
				CLANG_ANALYZER_NUMBER_OBJECT_CONVERSION = YES_AGGRESSIVE;
				CLANG_CXX_LANGUAGE_STANDARD = "gnu++14";
				CLANG_CXX_LIBRARY = "libc++";
				CLANG_ENABLE_MODULES = YES;
				CLANG_ENABLE_OBJC_ARC = YES;
				CLANG_ENABLE_OBJC_WEAK = YES;
				CLANG_WARN_BLOCK_CAPTURE_AUTORELEASING = YES;
				CLANG_WARN_BOOL_CONVERSION = YES;
				CLANG_WARN_COMMA = YES;
				CLANG_WARN_CONSTANT_CONVERSION = YES;
				CLANG_WARN_DEPRECATED_OBJC_IMPLEMENTATIONS = YES;
				CLANG_WARN_DIRECT_OBJC_ISA_USAGE = YES_ERROR;
				CLANG_WARN_DOCUMENTATION_COMMENTS = YES;
				CLANG_WARN_EMPTY_BODY = YES;
				CLANG_WARN_ENUM_CONVERSION = YES;
				CLANG_WARN_INFINITE_RECURSION = YES;
				CLANG_WARN_INT_CONVERSION = YES;
				CLANG_WARN_NON_LITERAL_NULL_CONVERSION = YES;
				CLANG_WARN_OBJC_IMPLICIT_RETAIN_SELF = YES;
				CLANG_WARN_OBJC_LITERAL_CONVERSION = YES;
				CLANG_WARN_OBJC_ROOT_CLASS = YES_ERROR;
				CLANG_WARN_QUOTED_INCLUDE_IN_FRAMEWORK_HEADER = YES;
				CLANG_WARN_RANGE_LOOP_ANALYSIS = YES;
				CLANG_WARN_STRICT_PROTOTYPES = YES;
				CLANG_WARN_SUSPICIOUS_MOVE = YES;
				CLANG_WARN_UNGUARDED_AVAILABILITY = YES_AGGRESSIVE;
				CLANG_WARN_UNREACHABLE_CODE = YES;
				CLANG_WARN__DUPLICATE_METHOD_MATCH = YES;
				COPY_PHASE_STRIP = NO;
				DEBUG_INFORMATION_FORMAT = "dwarf-with-dsym";
				ENABLE_NS_ASSERTIONS = NO;
				ENABLE_STRICT_OBJC_MSGSEND = YES;
				GCC_C_LANGUAGE_STANDARD = gnu11;
				GCC_NO_COMMON_BLOCKS = YES;
				GCC_WARN_64_TO_32_BIT_CONVERSION = YES;
				GCC_WARN_ABOUT_RETURN_TYPE = YES_ERROR;
				GCC_WARN_UNDECLARED_SELECTOR = YES;
				GCC_WARN_UNINITIALIZED_AUTOS = YES_AGGRESSIVE;
				GCC_WARN_UNUSED_FUNCTION = YES;
				GCC_WARN_UNUSED_VARIABLE = YES;
				IPHONEOS_DEPLOYMENT_TARGET = 14.5;
				MTL_ENABLE_DEBUG_INFO = NO;
				MTL_FAST_MATH = YES;
				SDKROOT = iphoneos;
				SWIFT_COMPILATION_MODE = wholemodule;
				SWIFT_OPTIMIZATION_LEVEL = "-O";
				VALIDATE_PRODUCT = YES;
			};
			name = Release;
		};
		446119F6270D414400C31F3C /* Debug */ = {
			isa = XCBuildConfiguration;
			buildSettings = {
				ASSETCATALOG_COMPILER_APPICON_NAME = AppIcon;
				ASSETCATALOG_COMPILER_GLOBAL_ACCENT_COLOR_NAME = AccentColor;
				CODE_SIGN_STYLE = Automatic;
				DEVELOPMENT_TEAM = XJAKUZ6524;
				INFOPLIST_FILE = SampleCollectionView/Info.plist;
				LD_RUNPATH_SEARCH_PATHS = (
					"$(inherited)",
					"@executable_path/Frameworks",
				);
				PRODUCT_BUNDLE_IDENTIFIER = com.kumieMiyata.PlayGround.SampleCollectionView;
				PRODUCT_NAME = "$(TARGET_NAME)";
				SWIFT_VERSION = 5.0;
				TARGETED_DEVICE_FAMILY = "1,2";
			};
			name = Debug;
		};
		446119F7270D414400C31F3C /* Release */ = {
			isa = XCBuildConfiguration;
			buildSettings = {
				ASSETCATALOG_COMPILER_APPICON_NAME = AppIcon;
				ASSETCATALOG_COMPILER_GLOBAL_ACCENT_COLOR_NAME = AccentColor;
				CODE_SIGN_STYLE = Automatic;
				DEVELOPMENT_TEAM = XJAKUZ6524;
				INFOPLIST_FILE = SampleCollectionView/Info.plist;
				LD_RUNPATH_SEARCH_PATHS = (
					"$(inherited)",
					"@executable_path/Frameworks",
				);
				PRODUCT_BUNDLE_IDENTIFIER = com.kumieMiyata.PlayGround.SampleCollectionView;
				PRODUCT_NAME = "$(TARGET_NAME)";
				SWIFT_VERSION = 5.0;
				TARGETED_DEVICE_FAMILY = "1,2";
			};
			name = Release;
		};
		446119F9270D414400C31F3C /* Debug */ = {
			isa = XCBuildConfiguration;
			buildSettings = {
				ALWAYS_EMBED_SWIFT_STANDARD_LIBRARIES = YES;
				BUNDLE_LOADER = "$(TEST_HOST)";
				CODE_SIGN_STYLE = Automatic;
				DEVELOPMENT_TEAM = XJAKUZ6524;
				INFOPLIST_FILE = SampleCollectionViewTests/Info.plist;
				IPHONEOS_DEPLOYMENT_TARGET = 14.5;
				LD_RUNPATH_SEARCH_PATHS = (
					"$(inherited)",
					"@executable_path/Frameworks",
					"@loader_path/Frameworks",
				);
				PRODUCT_BUNDLE_IDENTIFIER = com.kumieMiyata.PlayGround.SampleCollectionViewTests;
				PRODUCT_NAME = "$(TARGET_NAME)";
				SWIFT_VERSION = 5.0;
				TARGETED_DEVICE_FAMILY = "1,2";
				TEST_HOST = "$(BUILT_PRODUCTS_DIR)/SampleCollectionView.app/SampleCollectionView";
			};
			name = Debug;
		};
		446119FA270D414400C31F3C /* Release */ = {
			isa = XCBuildConfiguration;
			buildSettings = {
				ALWAYS_EMBED_SWIFT_STANDARD_LIBRARIES = YES;
				BUNDLE_LOADER = "$(TEST_HOST)";
				CODE_SIGN_STYLE = Automatic;
				DEVELOPMENT_TEAM = XJAKUZ6524;
				INFOPLIST_FILE = SampleCollectionViewTests/Info.plist;
				IPHONEOS_DEPLOYMENT_TARGET = 14.5;
				LD_RUNPATH_SEARCH_PATHS = (
					"$(inherited)",
					"@executable_path/Frameworks",
					"@loader_path/Frameworks",
				);
				PRODUCT_BUNDLE_IDENTIFIER = com.kumieMiyata.PlayGround.SampleCollectionViewTests;
				PRODUCT_NAME = "$(TARGET_NAME)";
				SWIFT_VERSION = 5.0;
				TARGETED_DEVICE_FAMILY = "1,2";
				TEST_HOST = "$(BUILT_PRODUCTS_DIR)/SampleCollectionView.app/SampleCollectionView";
			};
			name = Release;
		};
		446119FC270D414400C31F3C /* Debug */ = {
			isa = XCBuildConfiguration;
			buildSettings = {
				ALWAYS_EMBED_SWIFT_STANDARD_LIBRARIES = YES;
				CODE_SIGN_STYLE = Automatic;
				DEVELOPMENT_TEAM = XJAKUZ6524;
				INFOPLIST_FILE = SampleCollectionViewUITests/Info.plist;
				LD_RUNPATH_SEARCH_PATHS = (
					"$(inherited)",
					"@executable_path/Frameworks",
					"@loader_path/Frameworks",
				);
				PRODUCT_BUNDLE_IDENTIFIER = com.kumieMiyata.PlayGround.SampleCollectionViewUITests;
				PRODUCT_NAME = "$(TARGET_NAME)";
				SWIFT_VERSION = 5.0;
				TARGETED_DEVICE_FAMILY = "1,2";
				TEST_TARGET_NAME = SampleCollectionView;
			};
			name = Debug;
		};
		446119FD270D414400C31F3C /* Release */ = {
			isa = XCBuildConfiguration;
			buildSettings = {
				ALWAYS_EMBED_SWIFT_STANDARD_LIBRARIES = YES;
				CODE_SIGN_STYLE = Automatic;
				DEVELOPMENT_TEAM = XJAKUZ6524;
				INFOPLIST_FILE = SampleCollectionViewUITests/Info.plist;
				LD_RUNPATH_SEARCH_PATHS = (
					"$(inherited)",
					"@executable_path/Frameworks",
					"@loader_path/Frameworks",
				);
				PRODUCT_BUNDLE_IDENTIFIER = com.kumieMiyata.PlayGround.SampleCollectionViewUITests;
				PRODUCT_NAME = "$(TARGET_NAME)";
				SWIFT_VERSION = 5.0;
				TARGETED_DEVICE_FAMILY = "1,2";
				TEST_TARGET_NAME = SampleCollectionView;
			};
			name = Release;
		};
/* End XCBuildConfiguration section */

/* Begin XCConfigurationList section */
		446119C6270D414000C31F3C /* Build configuration list for PBXProject "SampleCollectionView" */ = {
			isa = XCConfigurationList;
			buildConfigurations = (
				446119F3270D414400C31F3C /* Debug */,
				446119F4270D414400C31F3C /* Release */,
			);
			defaultConfigurationIsVisible = 0;
			defaultConfigurationName = Release;
		};
		446119F5270D414400C31F3C /* Build configuration list for PBXNativeTarget "SampleCollectionView" */ = {
			isa = XCConfigurationList;
			buildConfigurations = (
				446119F6270D414400C31F3C /* Debug */,
				446119F7270D414400C31F3C /* Release */,
			);
			defaultConfigurationIsVisible = 0;
			defaultConfigurationName = Release;
		};
		446119F8270D414400C31F3C /* Build configuration list for PBXNativeTarget "SampleCollectionViewTests" */ = {
			isa = XCConfigurationList;
			buildConfigurations = (
				446119F9270D414400C31F3C /* Debug */,
				446119FA270D414400C31F3C /* Release */,
			);
			defaultConfigurationIsVisible = 0;
			defaultConfigurationName = Release;
		};
		446119FB270D414400C31F3C /* Build configuration list for PBXNativeTarget "SampleCollectionViewUITests" */ = {
			isa = XCConfigurationList;
			buildConfigurations = (
				446119FC270D414400C31F3C /* Debug */,
				446119FD270D414400C31F3C /* Release */,
			);
			defaultConfigurationIsVisible = 0;
			defaultConfigurationName = Release;
		};
/* End XCConfigurationList section */
	};
	rootObject = 446119C3270D414000C31F3C /* Project object */;
}
